{
  "name": "npmdemo",
  "version": "1.0.0",
  "lockfileVersion": 1,
  "requires": true,
  "dependencies": {
    "md5-node": {
      "version": "1.0.1",
      "resolved": "http://registry.npm.taobao.org/md5-node/download/md5-node-1.0.1.tgz",
      "integrity": "sha1-DiLQCdRr3JWx08XoyP7dwaXDqog="
    },
    "silly-datetime": {
      "version": "0.1.2",
      "resolved": "http://registry.npm.taobao.org/silly-datetime/download/silly-datetime-0.1.2.tgz",
      "integrity": "sha1-IZeOjo2EgWFgY6wRL/FGk/BuuFs="
    }
  }
}
